// !$*UTF8*$!
{
	archiveVersion = 1;
	classes = {
	};
	objectVersion = 56;
	objects = {

/* Begin PBXBuildFile section */
		A0E8D36F2A108C3500AAB54B /* AppDelegate.swift in Sources */ = {isa = PBXBuildFile; fileRef = A0E8D36E2A108C3500AAB54B /* AppDelegate.swift */; };
		A0E8D3712A108C3500AAB54B /* ContentView.swift in Sources */ = {isa = PBXBuildFile; fileRef = A0E8D3702A108C3500AAB54B /* ContentView.swift */; };
		A0E8D3752A108C3600AAB54B /* Assets.xcassets in Resources */ = {isa = PBXBuildFile; fileRef = A0E8D3742A108C3600AAB54B /* Assets.xcassets */; };
		A0E8D3782A108C3600AAB54B /* Preview Assets.xcassets in Resources */ = {isa = PBXBuildFile; fileRef = A0E8D3772A108C3600AAB54B /* Preview Assets.xcassets */; };
		A0E8D3822A108D7E00AAB54B /* ARPersistence in Frameworks */ = {isa = PBXBuildFile; productRef = A0E8D3812A108D7E00AAB54B /* ARPersistence */; };
		A0E8D3982A108F3900AAB54B /* toy_car.usdz in Resources */ = {isa = PBXBuildFile; fileRef = A0E8D3942A108F3900AAB54B /* toy_car.usdz */; };
		A0E8D3992A108F3900AAB54B /* robot_walk_idle.usdz in Resources */ = {isa = PBXBuildFile; fileRef = A0E8D3952A108F3900AAB54B /* robot_walk_idle.usdz */; };
		A0E8D39A2A108F3900AAB54B /* toy_biplane_idle.usdz in Resources */ = {isa = PBXBuildFile; fileRef = A0E8D3962A108F3900AAB54B /* toy_biplane_idle.usdz */; };
		A0E8D39B2A108F3900AAB54B /* toy_drummer_idle.usdz in Resources */ = {isa = PBXBuildFile; fileRef = A0E8D3972A108F3900AAB54B /* toy_drummer_idle.usdz */; };
/* End PBXBuildFile section */

/* Begin PBXFileReference section */
		A0E8D36B2A108C3500AAB54B /* Example-ARPersistence.app */ = {isa = PBXFileReference; explicitFileType = wrapper.application; includeInIndex = 0; path = "Example-ARPersistence.app"; sourceTree = BUILT_PRODUCTS_DIR; };
		A0E8D36E2A108C3500AAB54B /* AppDelegate.swift */ = {isa = PBXFileReference; lastKnownFileType = sourcecode.swift; path = AppDelegate.swift; sourceTree = "<group>"; };
		A0E8D3702A108C3500AAB54B /* ContentView.swift */ = {isa = PBXFileReference; lastKnownFileType = sourcecode.swift; path = ContentView.swift; sourceTree = "<group>"; };
		A0E8D3742A108C3600AAB54B /* Assets.xcassets */ = {isa = PBXFileReference; lastKnownFileType = folder.assetcatalog; path = Assets.xcassets; sourceTree = "<group>"; };
		A0E8D3772A108C3600AAB54B /* Preview Assets.xcassets */ = {isa = PBXFileReference; lastKnownFileType = folder.assetcatalog; path = "Preview Assets.xcassets"; sourceTree = "<group>"; };
		A0E8D3942A108F3900AAB54B /* toy_car.usdz */ = {isa = PBXFileReference; lastKnownFileType = file.usdz; path = toy_car.usdz; sourceTree = "<group>"; };
		A0E8D3952A108F3900AAB54B /* robot_walk_idle.usdz */ = {isa = PBXFileReference; lastKnownFileType = file.usdz; path = robot_walk_idle.usdz; sourceTree = "<group>"; };
		A0E8D3962A108F3900AAB54B /* toy_biplane_idle.usdz */ = {isa = PBXFileReference; lastKnownFileType = file.usdz; path = toy_biplane_idle.usdz; sourceTree = "<group>"; };
		A0E8D3972A108F3900AAB54B /* toy_drummer_idle.usdz */ = {isa = PBXFileReference; lastKnownFileType = file.usdz; path = toy_drummer_idle.usdz; sourceTree = "<group>"; };
/* End PBXFileReference section */

/* Begin PBXFrameworksBuildPhase section */
		A0E8D3682A108C3500AAB54B /* Frameworks */ = {
			isa = PBXFrameworksBuildPhase;
			buildActionMask = 2147483647;
			files = (
				A0E8D3822A108D7E00AAB54B /* ARPersistence in Frameworks */,
			);
			runOnlyForDeploymentPostprocessing = 0;
		};
/* End PBXFrameworksBuildPhase section */

/* Begin PBXGroup section */
		A0E8D3622A108C3500AAB54B = {
			isa = PBXGroup;
			children = (
				A0E8D36D2A108C3500AAB54B /* Example-ARPersistence */,
				A0E8D36C2A108C3500AAB54B /* Products */,
			);
			sourceTree = "<group>";
		};
		A0E8D36C2A108C3500AAB54B /* Products */ = {
			isa = PBXGroup;
			children = (
				A0E8D36B2A108C3500AAB54B /* Example-ARPersistence.app */,
			);
			name = Products;
			sourceTree = "<group>";
		};
		A0E8D36D2A108C3500AAB54B /* Example-ARPersistence */ = {
			isa = PBXGroup;
			children = (
				A0E8D36E2A108C3500AAB54B /* AppDelegate.swift */,
				A0E8D3702A108C3500AAB54B /* ContentView.swift */,
				A0E8D3832A108E1800AAB54B /* Assets */,
				A0E8D3742A108C3600AAB54B /* Assets.xcassets */,
				A0E8D3762A108C3600AAB54B /* Preview Content */,
			);
			path = "Example-ARPersistence";
			sourceTree = "<group>";
		};
		A0E8D3762A108C3600AAB54B /* Preview Content */ = {
			isa = PBXGroup;
			children = (
				A0E8D3772A108C3600AAB54B /* Preview Assets.xcassets */,
			);
			path = "Preview Content";
			sourceTree = "<group>";
		};
		A0E8D3832A108E1800AAB54B /* Assets */ = {
			isa = PBXGroup;
			children = (
				A0E8D3952A108F3900AAB54B /* robot_walk_idle.usdz */,
				A0E8D3962A108F3900AAB54B /* toy_biplane_idle.usdz */,
				A0E8D3942A108F3900AAB54B /* toy_car.usdz */,
				A0E8D3972A108F3900AAB54B /* toy_drummer_idle.usdz */,
			);
			path = Assets;
			sourceTree = "<group>";
		};
/* End PBXGroup section */

/* Begin PBXNativeTarget section */
		A0E8D36A2A108C3500AAB54B /* Example-ARPersistence */ = {
			isa = PBXNativeTarget;
			buildConfigurationList = A0E8D37B2A108C3600AAB54B /* Build configuration list for PBXNativeTarget "Example-ARPersistence" */;
			buildPhases = (
				A0E8D3672A108C3500AAB54B /* Sources */,
				A0E8D3682A108C3500AAB54B /* Frameworks */,
				A0E8D3692A108C3500AAB54B /* Resources */,
			);
			buildRules = (
			);
			dependencies = (
			);
			name = "Example-ARPersistence";
			packageProductDependencies = (
				A0E8D3812A108D7E00AAB54B /* ARPersistence */,
			);
			productName = "Example-ARPersistence";
			productReference = A0E8D36B2A108C3500AAB54B /* Example-ARPersistence.app */;
			productType = "com.apple.product-type.application";
		};
/* End PBXNativeTarget section */

/* Begin PBXProject section */
		A0E8D3632A108C3500AAB54B /* Project object */ = {
			isa = PBXProject;
			attributes = {
				BuildIndependentTargetsInParallel = 1;
				LastSwiftUpdateCheck = 1420;
				LastUpgradeCheck = 1420;
				TargetAttributes = {
					A0E8D36A2A108C3500AAB54B = {
						CreatedOnToolsVersion = 14.2;
					};
				};
			};
			buildConfigurationList = A0E8D3662A108C3500AAB54B /* Build configuration list for PBXProject "Example-ARPersistence" */;
			compatibilityVersion = "Xcode 14.0";
			developmentRegion = en;
			hasScannedForEncodings = 0;
			knownRegions = (
				en,
				Base,
			);
			mainGroup = A0E8D3622A108C3500AAB54B;
			packageReferences = (
				A0E8D3802A108D7E00AAB54B /* XCRemoteSwiftPackageReference "ARPersistence" */,
			);
			productRefGroup = A0E8D36C2A108C3500AAB54B /* Products */;
			projectDirPath = "";
			projectRoot = "";
			targets = (
				A0E8D36A2A108C3500AAB54B /* Example-ARPersistence */,
			);
		};
/* End PBXProject section */

/* Begin PBXResourcesBuildPhase section */
		A0E8D3692A108C3500AAB54B /* Resources */ = {
			isa = PBXResourcesBuildPhase;
			buildActionMask = 2147483647;
			files = (
				A0E8D3782A108C3600AAB54B /* Preview Assets.xcassets in Resources */,
				A0E8D39A2A108F3900AAB54B /* toy_biplane_idle.usdz in Resources */,
				A0E8D3992A108F3900AAB54B /* robot_walk_idle.usdz in Resources */,
				A0E8D3752A108C3600AAB54B /* Assets.xcassets in Resources */,
				A0E8D3982A108F3900AAB54B /* toy_car.usdz in Resources */,
				A0E8D39B2A108F3900AAB54B /* toy_drummer_idle.usdz in Resources */,
			);
			runOnlyForDeploymentPostprocessing = 0;
		};
/* End PBXResourcesBuildPhase section */

/* Begin PBXSourcesBuildPhase section */
		A0E8D3672A108C3500AAB54B /* Sources */ = {
			isa = PBXSourcesBuildPhase;
			buildActionMask = 2147483647;
			files = (
				A0E8D3712A108C3500AAB54B /* ContentView.swift in Sources */,
				A0E8D36F2A108C3500AAB54B /* AppDelegate.swift in Sources */,
			);
			runOnlyForDeploymentPostprocessing = 0;
		};
/* End PBXSourcesBuildPhase section */

/* Begin XCBuildConfiguration section */
		A0E8D3792A108C3600AAB54B /* Debug */ = {
			isa = XCBuildConfiguration;
			buildSettings = {
				ALWAYS_SEARCH_USER_PATHS = NO;
				CLANG_ANALYZER_NONNULL = YES;
				CLANG_ANALYZER_NUMBER_OBJECT_CONVERSION = YES_AGGRESSIVE;
				CLANG_CXX_LANGUAGE_STANDARD = "gnu++20";
				CLANG_ENABLE_MODULES = YES;
				CLANG_ENABLE_OBJC_ARC = YES;
				CLANG_ENABLE_OBJC_WEAK = YES;
				CLANG_WARN_BLOCK_CAPTURE_AUTORELEASING = YES;
				CLANG_WARN_BOOL_CONVERSION = YES;
				CLANG_WARN_COMMA = YES;
				CLANG_WARN_CONSTANT_CONVERSION = YES;
				CLANG_WARN_DEPRECATED_OBJC_IMPLEMENTATIONS = YES;
				CLANG_WARN_DIRECT_OBJC_ISA_USAGE = YES_ERROR;
				CLANG_WARN_DOCUMENTATION_COMMENTS = YES;
				CLANG_WARN_EMPTY_BODY = YES;
				CLANG_WARN_ENUM_CONVERSION = YES;
				CLANG_WARN_INFINITE_RECURSION = YES;
				CLANG_WARN_INT_CONVERSION = YES;
				CLANG_WARN_NON_LITERAL_NULL_CONVERSION = YES;
				CLANG_WARN_OBJC_IMPLICIT_RETAIN_SELF = YES;
				CLANG_WARN_OBJC_LITERAL_CONVERSION = YES;
				CLANG_WARN_OBJC_ROOT_CLASS = YES_ERROR;
				CLANG_WARN_QUOTED_INCLUDE_IN_FRAMEWORK_HEADER = YES;
				CLANG_WARN_RANGE_LOOP_ANALYSIS = YES;
				CLANG_WARN_STRICT_PROTOTYPES = YES;
				CLANG_WARN_SUSPICIOUS_MOVE = YES;
				CLANG_WARN_UNGUARDED_AVAILABILITY = YES_AGGRESSIVE;
				CLANG_WARN_UNREACHABLE_CODE = YES;
				CLANG_WARN__DUPLICATE_METHOD_MATCH = YES;
				COPY_PHASE_STRIP = NO;
				DEBUG_INFORMATION_FORMAT = dwarf;
				ENABLE_STRICT_OBJC_MSGSEND = YES;
				ENABLE_TESTABILITY = YES;
				GCC_C_LANGUAGE_STANDARD = gnu11;
				GCC_DYNAMIC_NO_PIC = NO;
				GCC_NO_COMMON_BLOCKS = YES;
				GCC_OPTIMIZATION_LEVEL = 0;
				GCC_PREPROCESSOR_DEFINITIONS = (
					"DEBUG=1",
					"$(inherited)",
				);
				GCC_WARN_64_TO_32_BIT_CONVERSION = YES;
				GCC_WARN_ABOUT_RETURN_TYPE = YES_ERROR;
				GCC_WARN_UNDECLARED_SELECTOR = YES;
				GCC_WARN_UNINITIALIZED_AUTOS = YES_AGGRESSIVE;
				GCC_WARN_UNUSED_FUNCTION = YES;
				GCC_WARN_UNUSED_VARIABLE = YES;
				IPHONEOS_DEPLOYMENT_TARGET = 16.2;
				MTL_ENABLE_DEBUG_INFO = INCLUDE_SOURCE;
				MTL_FAST_MATH = YES;
				ONLY_ACTIVE_ARCH = YES;
				SDKROOT = iphoneos;
				SWIFT_ACTIVE_COMPILATION_CONDITIONS = DEBUG;
				SWIFT_OPTIMIZATION_LEVEL = "-Onone";
			};
			name = Debug;
		};
		A0E8D37A2A108C3600AAB54B /* Release */ = {
			isa = XCBuildConfiguration;
			buildSettings = {
				ALWAYS_SEARCH_USER_PATHS = NO;
				CLANG_ANALYZER_NONNULL = YES;
				CLANG_ANALYZER_NUMBER_OBJECT_CONVERSION = YES_AGGRESSIVE;
				CLANG_CXX_LANGUAGE_STANDARD = "gnu++20";
				CLANG_ENABLE_MODULES = YES;
				CLANG_ENABLE_OBJC_ARC = YES;
				CLANG_ENABLE_OBJC_WEAK = YES;
				CLANG_WARN_BLOCK_CAPTURE_AUTORELEASING = YES;
				CLANG_WARN_BOOL_CONVERSION = YES;
				CLANG_WARN_COMMA = YES;
				CLANG_WARN_CONSTANT_CONVERSION = YES;
				CLANG_WARN_DEPRECATED_OBJC_IMPLEMENTATIONS = YES;
				CLANG_WARN_DIRECT_OBJC_ISA_USAGE = YES_ERROR;
				CLANG_WARN_DOCUMENTATION_COMMENTS = YES;
				CLANG_WARN_EMPTY_BODY = YES;
				CLANG_WARN_ENUM_CONVERSION = YES;
				CLANG_WARN_INFINITE_RECURSION = YES;
				CLANG_WARN_INT_CONVERSION = YES;
				CLANG_WARN_NON_LITERAL_NULL_CONVERSION = YES;
				CLANG_WARN_OBJC_IMPLICIT_RETAIN_SELF = YES;
				CLANG_WARN_OBJC_LITERAL_CONVERSION = YES;
				CLANG_WARN_OBJC_ROOT_CLASS = YES_ERROR;
				CLANG_WARN_QUOTED_INCLUDE_IN_FRAMEWORK_HEADER = YES;
				CLANG_WARN_RANGE_LOOP_ANALYSIS = YES;
				CLANG_WARN_STRICT_PROTOTYPES = YES;
				CLANG_WARN_SUSPICIOUS_MOVE = YES;
				CLANG_WARN_UNGUARDED_AVAILABILITY = YES_AGGRESSIVE;
				CLANG_WARN_UNREACHABLE_CODE = YES;
				CLANG_WARN__DUPLICATE_METHOD_MATCH = YES;
				COPY_PHASE_STRIP = NO;
				DEBUG_INFORMATION_FORMAT = "dwarf-with-dsym";
				ENABLE_NS_ASSERTIONS = NO;
				ENABLE_STRICT_OBJC_MSGSEND = YES;
				GCC_C_LANGUAGE_STANDARD = gnu11;
				GCC_NO_COMMON_BLOCKS = YES;
				GCC_WARN_64_TO_32_BIT_CONVERSION = YES;
				GCC_WARN_ABOUT_RETURN_TYPE = YES_ERROR;
				GCC_WARN_UNDECLARED_SELECTOR = YES;
				GCC_WARN_UNINITIALIZED_AUTOS = YES_AGGRESSIVE;
				GCC_WARN_UNUSED_FUNCTION = YES;
				GCC_WARN_UNUSED_VARIABLE = YES;
				IPHONEOS_DEPLOYMENT_TARGET = 16.2;
				MTL_ENABLE_DEBUG_INFO = NO;
				MTL_FAST_MATH = YES;
				SDKROOT = iphoneos;
				SWIFT_COMPILATION_MODE = wholemodule;
				SWIFT_OPTIMIZATION_LEVEL = "-O";
				VALIDATE_PRODUCT = YES;
			};
			name = Release;
		};
		A0E8D37C2A108C3600AAB54B /* Debug */ = {
			isa = XCBuildConfiguration;
			buildSettings = {
				ASSETCATALOG_COMPILER_APPICON_NAME = AppIcon;
				ASSETCATALOG_COMPILER_GLOBAL_ACCENT_COLOR_NAME = AccentColor;
				CODE_SIGN_STYLE = Automatic;
				CURRENT_PROJECT_VERSION = 1;
				DEVELOPMENT_ASSET_PATHS = "\"Example-ARPersistence/Preview Content\"";
				DEVELOPMENT_TEAM = QS49243NCG;
				ENABLE_PREVIEWS = YES;
				GENERATE_INFOPLIST_FILE = YES;
				INFOPLIST_KEY_NSCameraUsageDescription = "";
				INFOPLIST_KEY_UIApplicationSupportsIndirectInputEvents = YES;
				INFOPLIST_KEY_UILaunchScreen_Generation = YES;
				INFOPLIST_KEY_UIRequiredDeviceCapabilities = arkit;
				INFOPLIST_KEY_UIStatusBarHidden = YES;
				INFOPLIST_KEY_UISupportedInterfaceOrientations_iPad = "UIInterfaceOrientationPortrait UIInterfaceOrientationPortraitUpsideDown UIInterfaceOrientationLandscapeLeft UIInterfaceOrientationLandscapeRight";
				INFOPLIST_KEY_UISupportedInterfaceOrientations_iPhone = "UIInterfaceOrientationPortrait UIInterfaceOrientationLandscapeLeft UIInterfaceOrientationLandscapeRight";
				LD_RUNPATH_SEARCH_PATHS = (
					"$(inherited)",
					"@executable_path/Frameworks",
				);
				MARKETING_VERSION = 1.0;
				PRODUCT_BUNDLE_IDENTIFIER = "HelloAR.Example-ARPersistence";
				PRODUCT_NAME = "$(TARGET_NAME)";
				SWIFT_EMIT_LOC_STRINGS = YES;
				SWIFT_VERSION = 5.0;
				TARGETED_DEVICE_FAMILY = "1,2";
			};
			name = Debug;
		};
		A0E8D37D2A108C3600AAB54B /* Release */ = {
			isa = XCBuildConfiguration;
			buildSettings = {
				ASSETCATALOG_COMPILER_APPICON_NAME = AppIcon;
				ASSETCATALOG_COMPILER_GLOBAL_ACCENT_COLOR_NAME = AccentColor;
				CODE_SIGN_STYLE = Automatic;
				CURRENT_PROJECT_VERSION = 1;
				DEVELOPMENT_ASSET_PATHS = "\"Example-ARPersistence/Preview Content\"";
				DEVELOPMENT_TEAM = QS49243NCG;
				ENABLE_PREVIEWS = YES;
				GENERATE_INFOPLIST_FILE = YES;
				INFOPLIST_KEY_NSCameraUsageDescription = "";
				INFOPLIST_KEY_UIApplicationSupportsIndirectInputEvents = YES;
				INFOPLIST_KEY_UILaunchScreen_Generation = YES;
				INFOPLIST_KEY_UIRequiredDeviceCapabilities = arkit;
				INFOPLIST_KEY_UIStatusBarHidden = YES;
				INFOPLIST_KEY_UISupportedInterfaceOrientations_iPad = "UIInterfaceOrientationPortrait UIInterfaceOrientationPortraitUpsideDown UIInterfaceOrientationLandscapeLeft UIInterfaceOrientationLandscapeRight";
				INFOPLIST_KEY_UISupportedInterfaceOrientations_iPhone = "UIInterfaceOrientationPortrait UIInterfaceOrientationLandscapeLeft UIInterfaceOrientationLandscapeRight";
				LD_RUNPATH_SEARCH_PATHS = (
					"$(inherited)",
					"@executable_path/Frameworks",
				);
				MARKETING_VERSION = 1.0;
				PRODUCT_BUNDLE_IDENTIFIER = "HelloAR.Example-ARPersistence";
				PRODUCT_NAME = "$(TARGET_NAME)";
				SWIFT_EMIT_LOC_STRINGS = YES;
				SWIFT_VERSION = 5.0;
				TARGETED_DEVICE_FAMILY = "1,2";
			};
			name = Release;
		};
/* End XCBuildConfiguration section */

/* Begin XCConfigurationList section */
		A0E8D3662A108C3500AAB54B /* Build configuration list for PBXProject "Example-ARPersistence" */ = {
			isa = XCConfigurationList;
			buildConfigurations = (
				A0E8D3792A108C3600AAB54B /* Debug */,
				A0E8D37A2A108C3600AAB54B /* Release */,
			);
			defaultConfigurationIsVisible = 0;
			defaultConfigurationName = Release;
		};
		A0E8D37B2A108C3600AAB54B /* Build configuration list for PBXNativeTarget "Example-ARPersistence" */ = {
			isa = XCConfigurationList;
			buildConfigurations = (
				A0E8D37C2A108C3600AAB54B /* Debug */,
				A0E8D37D2A108C3600AAB54B /* Release */,
			);
			defaultConfigurationIsVisible = 0;
			defaultConfigurationName = Release;
		};
/* End XCConfigurationList section */

/* Begin XCRemoteSwiftPackageReference section */
		A0E8D3802A108D7E00AAB54B /* XCRemoteSwiftPackageReference "ARPersistence" */ = {
			isa = XCRemoteSwiftPackageReference;
			repositoryURL = "https://github.com/Shiru99/ARPersistence.git";
			requirement = {
				kind = exactVersion;
				version = 1.0.0;
			};
		};
/* End XCRemoteSwiftPackageReference section */

/* Begin XCSwiftPackageProductDependency section */
		A0E8D3812A108D7E00AAB54B /* ARPersistence */ = {
			isa = XCSwiftPackageProductDependency;
			package = A0E8D3802A108D7E00AAB54B /* XCRemoteSwiftPackageReference "ARPersistence" */;
			productName = ARPersistence;
		};
/* End XCSwiftPackageProductDependency section */
	};
	rootObject = A0E8D3632A108C3500AAB54B /* Project object */;
}
